
Microsoft Visual Studio Solution File, Format Version 12.00
# Visual Studio Version 16
VisualStudioVersion = 16.0.29613.14
MinimumVisualStudioVersion = 10.0.40219.1
Project("{FAE04EC0-301F-11D3-BF4B-00C04F79EFBC}") = "Orikivo.Graphics3D", "Orikivo.Graphics3D.csproj", "{E36C26B9-7505-4301-B468-7FAC517DE316}"
EndProject
Global
	GlobalSection(SolutionConfigurationPlatforms) = preSolution
		Debug|Any CPU = Debug|Any CPU
		Release|Any CPU = Release|Any CPU
	EndGlobalSection
	GlobalSection(ProjectConfigurationPlatforms) = postSolution
		{E36C26B9-7505-4301-B468-7FAC517DE316}.Debug|Any CPU.ActiveCfg = Debug|Any CPU
		{E36C26B9-7505-4301-B468-7FAC517DE316}.Debug|Any CPU.Build.0 = Debug|Any CPU
		{E36C26B9-7505-4301-B468-7FAC517DE316}.Release|Any CPU.ActiveCfg = Release|Any CPU
		{E36C26B9-7505-4301-B468-7FAC517DE316}.Release|Any CPU.Build.0 = Release|Any CPU
	EndGlobalSection
	GlobalSection(SolutionProperties) = preSolution
		HideSolutionNode = FALSE
	EndGlobalSection
	GlobalSection(ExtensibilityGlobals) = postSolution
		SolutionGuid = {E0D9B6D7-9994-47FC-8B0A-2091E52919EE}
	EndGlobalSection
EndGlobal
